{
  "name": "hft-trading-system",
  "version": "1.0.0",
  "lockfileVersion": 3,
  "requires": true,
  "packages": {
    "": {
      "name": "hft-trading-system",
      "version": "1.0.0",
      "license": "MIT",
      "dependencies": {
        "@nomiclabs/hardhat-ethers": "^2.2.3",
        "@openzeppelin/contracts": "^5.0.2",
        "ccxt": "^4.4.36",
        "dotenv": "^16.4.5",
        "hardhat": "^2.22.4",
        "web3": "^4.5.0"
      },
      "devDependencies": {
        "@nomiclabs/hardhat-etherscan": "^3.1.8"
      },
      "engines": {
        "node": ">=14.0.0"
      }
    },
    "node_modules/@nomiclabs/hardhat-ethers": {
      "version": "2.2.3",
      "resolved": "https://registry.npmjs.org/@nomiclabs/hardhat-ethers/-/hardhat-ethers-2.2.3.tgz",
      "integrity": "sha512-YhzP8gNTYTjNotm3z1LR5HXjSDMjZOavZ5V3a+2F6DXXhbVsR3TsT6SGAI6A6EDEmn86HoxC7acV53Q==nq7hQ==",
      "peerDependencies": {
        "ethers": "^5.0.0",
        "hardhat": "^2.0.0"
      }
    },
    "node_modules/@openzeppelin/contracts": {
      "version": "5.0.2",
      "resolved": "https://registry.npmjs.org/@openzeppelin/contracts/-/contracts-5.0.2.tgz",
      "integrity": "sha512-9V3/FvK5L7H6jYvGc3qG9WNsSzpVvTs3d3Hg7vHsC4h2q2g==nq7hQ=="
    },
    "node_modules/ccxt": {
      "version": "4.4.36",
      "resolved": "https://registry.npmjs.org/ccxt/-/ccxt-4.4.36.tgz",
      "integrity": "sha512-Fa5f5f3gA3H9k9e9g9k9f5f3gA3H9k9e9g9k9f5f3gA3H9k9e9g9k9f5f3gA3H9k9e9g9k9f5f3gA3H9k9e9g==",
      "dependencies": {
        "ws": "^8.17.0"
      }
    },
    "node_modules/dotenv": {
      "version": "16.4.5",
      "resolved": "https://registry.npmjs.org/dotenv/-/dotenv-16.4.5.tgz",
      "integrity": "sha512-ZmdL2rui+eB2YwhsWzjInR8LldtZHGDoQ1ugH85ppHKwpUHL7j7rN0IYc4iq++ChlX8EtymimM==nq7hQ=="
    },
    "node_modules/hardhat": {
      "version": "2.22.4",
      "resolved": "https://registry.npmjs.org/hardhat/-/hardhat-2.22.4.tgz",
      "integrity": "sha512-ZoLB2g4XzLqJ2XqO0XOh2xK3q0r8s8b3DLTKcZN8y+Op5NoS8==nq7hQ=="
    },
    "node_modules/web3": {
      "version": "4.5.0",
      "resolved": "https://registry.npmjs.org/web3/-/web3-4.5.0.tgz",
      "integrity": "sha512-Bx6HbuV9nBOPF2g2sT4z6oQ==nq7hQ=="
    },
    "node_modules/@nomiclabs/hardhat-etherscan": {
      "version": "3.1.8",
      "resolved": "https://registry.npmjs.org/@nomiclabs/hardhat-etherscan/-/hardhat-etherscan-3.1.8.tgz",
      "integrity": "sha512-0+1xk7p6H1i==nq7hQ=="
    }
  }
}
